
Microsoft Visual Studio Solution File, Format Version 12.00
# Visual Studio 15
Project("{FAE04EC0-301F-11D3-BF4B-00C04F79EFBC}") = "Assembly-CSharp", "Assembly-CSharp.csproj", "{A0504BB0-6B87-CFF4-3A53-749BC2B19242}"
EndProject
Project("{FAE04EC0-301F-11D3-BF4B-00C04F79EFBC}") = "Assembly-CSharp-Editor", "Assembly-CSharp-Editor.csproj", "{B1BDEE81-1A02-36CF-7D5A-5349AEFEB978}"
EndProject
Global
	GlobalSection(SolutionConfigurationPlatforms) = preSolution
		Debug|Any CPU = Debug|Any CPU
		Release|Any CPU = Release|Any CPU
	EndGlobalSection
	GlobalSection(ProjectConfigurationPlatforms) = postSolution
		{A0504BB0-6B87-CFF4-3A53-749BC2B19242}.Debug|Any CPU.ActiveCfg = Debug|Any CPU
		{A0504BB0-6B87-CFF4-3A53-749BC2B19242}.Debug|Any CPU.Build.0 = Debug|Any CPU
		{A0504BB0-6B87-CFF4-3A53-749BC2B19242}.Release|Any CPU.ActiveCfg = Release|Any CPU
		{A0504BB0-6B87-CFF4-3A53-749BC2B19242}.Release|Any CPU.Build.0 = Release|Any CPU
		{B1BDEE81-1A02-36CF-7D5A-5349AEFEB978}.Debug|Any CPU.ActiveCfg = Debug|Any CPU
		{B1BDEE81-1A02-36CF-7D5A-5349AEFEB978}.Debug|Any CPU.Build.0 = Debug|Any CPU
		{B1BDEE81-1A02-36CF-7D5A-5349AEFEB978}.Release|Any CPU.ActiveCfg = Release|Any CPU
		{B1BDEE81-1A02-36CF-7D5A-5349AEFEB978}.Release|Any CPU.Build.0 = Release|Any CPU
	EndGlobalSection
	GlobalSection(SolutionProperties) = preSolution
		HideSolutionNode = FALSE
	EndGlobalSection
EndGlobal
