
Microsoft Visual Studio Solution File, Format Version 12.00
# Visual Studio 15
Project("{FAE04EC0-301F-11D3-BF4B-00C04F79EFBC}") = "Assembly-CSharp", "Assembly-CSharp.csproj", "{664F1194-38A2-7EDD-1C0D-5F276378694A}"
EndProject
Project("{FAE04EC0-301F-11D3-BF4B-00C04F79EFBC}") = "Assembly-CSharp-Editor", "Assembly-CSharp-Editor.csproj", "{ED62506E-6FCC-495F-A069-3A10B1D02D05}"
EndProject
Global
	GlobalSection(SolutionConfigurationPlatforms) = preSolution
		Debug|Any CPU = Debug|Any CPU
		Release|Any CPU = Release|Any CPU
	EndGlobalSection
	GlobalSection(ProjectConfigurationPlatforms) = postSolution
		{664F1194-38A2-7EDD-1C0D-5F276378694A}.Debug|Any CPU.ActiveCfg = Debug|Any CPU
		{664F1194-38A2-7EDD-1C0D-5F276378694A}.Debug|Any CPU.Build.0 = Debug|Any CPU
		{664F1194-38A2-7EDD-1C0D-5F276378694A}.Release|Any CPU.ActiveCfg = Release|Any CPU
		{664F1194-38A2-7EDD-1C0D-5F276378694A}.Release|Any CPU.Build.0 = Release|Any CPU
		{ED62506E-6FCC-495F-A069-3A10B1D02D05}.Debug|Any CPU.ActiveCfg = Debug|Any CPU
		{ED62506E-6FCC-495F-A069-3A10B1D02D05}.Debug|Any CPU.Build.0 = Debug|Any CPU
		{ED62506E-6FCC-495F-A069-3A10B1D02D05}.Release|Any CPU.ActiveCfg = Release|Any CPU
		{ED62506E-6FCC-495F-A069-3A10B1D02D05}.Release|Any CPU.Build.0 = Release|Any CPU
	EndGlobalSection
	GlobalSection(SolutionProperties) = preSolution
		HideSolutionNode = FALSE
	EndGlobalSection
EndGlobal
